
Microsoft Visual Studio Solution File, Format Version 12.00
# Visual Studio Version 17
VisualStudioVersion = 17.12.35527.113 d17.12
MinimumVisualStudioVersion = 10.0.40219.1
Project("{2150E333-8FDC-42A3-9474-1A3956D46DE8}") = "src", "src", "{3CA9A244-8400-4195-9673-4AF139FEF6DA}"
EndProject
Project("{2150E333-8FDC-42A3-9474-1A3956D46DE8}") = "test", "test", "{E3024DCF-6796-4CD4-99C3-0BFAEB8E8319}"
EndProject
Project("{2150E333-8FDC-42A3-9474-1A3956D46DE8}") = "Core", "Core", "{8374BCC1-234A-48E1-BB6E-43B3EEE75DB6}"
EndProject
Project("{2150E333-8FDC-42A3-9474-1A3956D46DE8}") = "Infrastructure", "Infrastructure", "{76481BBC-CBEB-48E8-A4E1-3C38855FF30E}"
EndProject
Project("{2150E333-8FDC-42A3-9474-1A3956D46DE8}") = "Presentation", "Presentation", "{97E174F1-F8AC-4BFB-A345-D37A4B055345}"
EndProject
Project("{FAE04EC0-301F-11D3-BF4B-00C04F79EFBC}") = "E-Commerce.WebAPI", "E-Commerce.WebAPI\E-Commerce.WebAPI.csproj", "{F56DFF89-961F-473E-9653-5A12FA59CC0F}"
EndProject
Project("{FAE04EC0-301F-11D3-BF4B-00C04F79EFBC}") = "E-Commerce.Persistence", "E-Commerce.Persistence\E-Commerce.Persistence.csproj", "{A2FB561C-D14E-458D-B889-400CD4A8FDA6}"
EndProject
Project("{FAE04EC0-301F-11D3-BF4B-00C04F79EFBC}") = "E-Commerce.Application", "E-Commerce.Application\E-Commerce.Application.csproj", "{6EC5F710-42BB-4289-9506-AF52DAD1CCFB}"
EndProject
Project("{FAE04EC0-301F-11D3-BF4B-00C04F79EFBC}") = "E-Commerce.Domain", "E-Commerce.Domain\E-Commerce.Domain.csproj", "{C9498338-DFA5-454F-B444-52F5E75F0A14}"
EndProject
Project("{FAE04EC0-301F-11D3-BF4B-00C04F79EFBC}") = "E-Commerce.Test", "E-Commerce.Test\E-Commerce.Test.csproj", "{1CFA35E2-B0F6-47A9-9157-D8AD0F782624}"
EndProject
Global
	GlobalSection(SolutionConfigurationPlatforms) = preSolution
		Debug|Any CPU = Debug|Any CPU
		Release|Any CPU = Release|Any CPU
	EndGlobalSection
	GlobalSection(ProjectConfigurationPlatforms) = postSolution
		{F56DFF89-961F-473E-9653-5A12FA59CC0F}.Debug|Any CPU.ActiveCfg = Debug|Any CPU
		{F56DFF89-961F-473E-9653-5A12FA59CC0F}.Debug|Any CPU.Build.0 = Debug|Any CPU
		{F56DFF89-961F-473E-9653-5A12FA59CC0F}.Release|Any CPU.ActiveCfg = Release|Any CPU
		{F56DFF89-961F-473E-9653-5A12FA59CC0F}.Release|Any CPU.Build.0 = Release|Any CPU
		{A2FB561C-D14E-458D-B889-400CD4A8FDA6}.Debug|Any CPU.ActiveCfg = Debug|Any CPU
		{A2FB561C-D14E-458D-B889-400CD4A8FDA6}.Debug|Any CPU.Build.0 = Debug|Any CPU
		{A2FB561C-D14E-458D-B889-400CD4A8FDA6}.Release|Any CPU.ActiveCfg = Release|Any CPU
		{A2FB561C-D14E-458D-B889-400CD4A8FDA6}.Release|Any CPU.Build.0 = Release|Any CPU
		{6EC5F710-42BB-4289-9506-AF52DAD1CCFB}.Debug|Any CPU.ActiveCfg = Debug|Any CPU
		{6EC5F710-42BB-4289-9506-AF52DAD1CCFB}.Debug|Any CPU.Build.0 = Debug|Any CPU
		{6EC5F710-42BB-4289-9506-AF52DAD1CCFB}.Release|Any CPU.ActiveCfg = Release|Any CPU
		{6EC5F710-42BB-4289-9506-AF52DAD1CCFB}.Release|Any CPU.Build.0 = Release|Any CPU
		{C9498338-DFA5-454F-B444-52F5E75F0A14}.Debug|Any CPU.ActiveCfg = Debug|Any CPU
		{C9498338-DFA5-454F-B444-52F5E75F0A14}.Debug|Any CPU.Build.0 = Debug|Any CPU
		{C9498338-DFA5-454F-B444-52F5E75F0A14}.Release|Any CPU.ActiveCfg = Release|Any CPU
		{C9498338-DFA5-454F-B444-52F5E75F0A14}.Release|Any CPU.Build.0 = Release|Any CPU
		{1CFA35E2-B0F6-47A9-9157-D8AD0F782624}.Debug|Any CPU.ActiveCfg = Debug|Any CPU
		{1CFA35E2-B0F6-47A9-9157-D8AD0F782624}.Debug|Any CPU.Build.0 = Debug|Any CPU
		{1CFA35E2-B0F6-47A9-9157-D8AD0F782624}.Release|Any CPU.ActiveCfg = Release|Any CPU
		{1CFA35E2-B0F6-47A9-9157-D8AD0F782624}.Release|Any CPU.Build.0 = Release|Any CPU
	EndGlobalSection
	GlobalSection(SolutionProperties) = preSolution
		HideSolutionNode = FALSE
	EndGlobalSection
	GlobalSection(NestedProjects) = preSolution
		{8374BCC1-234A-48E1-BB6E-43B3EEE75DB6} = {3CA9A244-8400-4195-9673-4AF139FEF6DA}
		{76481BBC-CBEB-48E8-A4E1-3C38855FF30E} = {3CA9A244-8400-4195-9673-4AF139FEF6DA}
		{97E174F1-F8AC-4BFB-A345-D37A4B055345} = {3CA9A244-8400-4195-9673-4AF139FEF6DA}
		{F56DFF89-961F-473E-9653-5A12FA59CC0F} = {97E174F1-F8AC-4BFB-A345-D37A4B055345}
		{A2FB561C-D14E-458D-B889-400CD4A8FDA6} = {76481BBC-CBEB-48E8-A4E1-3C38855FF30E}
		{6EC5F710-42BB-4289-9506-AF52DAD1CCFB} = {8374BCC1-234A-48E1-BB6E-43B3EEE75DB6}
		{C9498338-DFA5-454F-B444-52F5E75F0A14} = {8374BCC1-234A-48E1-BB6E-43B3EEE75DB6}
		{1CFA35E2-B0F6-47A9-9157-D8AD0F782624} = {E3024DCF-6796-4CD4-99C3-0BFAEB8E8319}
	EndGlobalSection
EndGlobal
